// !$*UTF8*$!
{
	archiveVersion = 1;
	classes = {
	};
	objectVersion = 48;
	objects = {

/* Begin PBXBuildFile section */
		FAD7C4B51FDD4A2200A54BE6 /* main.cpp in Sources */ = {isa = PBXBuildFile; fileRef = FAD7C4B41FDD4A2200A54BE6 /* main.cpp */; };
		FAD7C4C11FDD6A2500A54BE6 /* threadsafe_queue.cpp in Sources */ = {isa = PBXBuildFile; fileRef = FAD7C4BF1FDD6A2500A54BE6 /* threadsafe_queue.cpp */; };
/* End PBXBuildFile section */

/* Begin PBXCopyFilesBuildPhase section */
		FAD7C4AF1FDD4A2200A54BE6 /* CopyFiles */ = {
			isa = PBXCopyFilesBuildPhase;
			buildActionMask = 2147483647;
			dstPath = /usr/share/man/man1/;
			dstSubfolderSpec = 0;
			files = (
			);
			runOnlyForDeploymentPostprocessing = 1;
		};
/* End PBXCopyFilesBuildPhase section */

/* Begin PBXFileReference section */
		FAD7C4B11FDD4A2200A54BE6 /* Lab7_2 */ = {isa = PBXFileReference; explicitFileType = "compiled.mach-o.executable"; includeInIndex = 0; path = Lab7_2; sourceTree = BUILT_PRODUCTS_DIR; };
		FAD7C4B41FDD4A2200A54BE6 /* main.cpp */ = {isa = PBXFileReference; lastKnownFileType = sourcecode.cpp.cpp; path = main.cpp; sourceTree = "<group>"; };
		FAD7C4BE1FDD69FA00A54BE6 /* threadsafe_queue.h */ = {isa = PBXFileReference; lastKnownFileType = sourcecode.c.h; name = threadsafe_queue.h; path = ../../../../../../../Downloads/PDP_Lab7.2/PDP_Lab7.2/threadsafe_queue.h; sourceTree = "<group>"; };
		FAD7C4BF1FDD6A2500A54BE6 /* threadsafe_queue.cpp */ = {isa = PBXFileReference; lastKnownFileType = sourcecode.cpp.cpp; path = threadsafe_queue.cpp; sourceTree = "<group>"; };
		FAD7C4C01FDD6A2500A54BE6 /* threadsafe_queue.hpp */ = {isa = PBXFileReference; lastKnownFileType = sourcecode.cpp.h; path = threadsafe_queue.hpp; sourceTree = "<group>"; };
/* End PBXFileReference section */

/* Begin PBXFrameworksBuildPhase section */
		FAD7C4AE1FDD4A2200A54BE6 /* Frameworks */ = {
			isa = PBXFrameworksBuildPhase;
			buildActionMask = 2147483647;
			files = (
			);
			runOnlyForDeploymentPostprocessing = 0;
		};
/* End PBXFrameworksBuildPhase section */

/* Begin PBXGroup section */
		FAD7C4A81FDD4A2200A54BE6 = {
			isa = PBXGroup;
			children = (
				FAD7C4B31FDD4A2200A54BE6 /* Lab7_2 */,
				FAD7C4B21FDD4A2200A54BE6 /* Products */,
			);
			sourceTree = "<group>";
		};
		FAD7C4B21FDD4A2200A54BE6 /* Products */ = {
			isa = PBXGroup;
			children = (
				FAD7C4B11FDD4A2200A54BE6 /* Lab7_2 */,
			);
			name = Products;
			sourceTree = "<group>";
		};
		FAD7C4B31FDD4A2200A54BE6 /* Lab7_2 */ = {
			isa = PBXGroup;
			children = (
				FAD7C4B41FDD4A2200A54BE6 /* main.cpp */,
				FAD7C4BE1FDD69FA00A54BE6 /* threadsafe_queue.h */,
				FAD7C4BF1FDD6A2500A54BE6 /* threadsafe_queue.cpp */,
				FAD7C4C01FDD6A2500A54BE6 /* threadsafe_queue.hpp */,
			);
			path = Lab7_2;
			sourceTree = "<group>";
		};
/* End PBXGroup section */

/* Begin PBXNativeTarget section */
		FAD7C4B01FDD4A2200A54BE6 /* Lab7_2 */ = {
			isa = PBXNativeTarget;
			buildConfigurationList = FAD7C4B81FDD4A2200A54BE6 /* Build configuration list for PBXNativeTarget "Lab7_2" */;
			buildPhases = (
				FAD7C4AD1FDD4A2200A54BE6 /* Sources */,
				FAD7C4AE1FDD4A2200A54BE6 /* Frameworks */,
				FAD7C4AF1FDD4A2200A54BE6 /* CopyFiles */,
			);
			buildRules = (
			);
			dependencies = (
			);
			name = Lab7_2;
			productName = Lab7_2;
			productReference = FAD7C4B11FDD4A2200A54BE6 /* Lab7_2 */;
			productType = "com.apple.product-type.tool";
		};
/* End PBXNativeTarget section */

/* Begin PBXProject section */
		FAD7C4A91FDD4A2200A54BE6 /* Project object */ = {
			isa = PBXProject;
			attributes = {
				LastUpgradeCheck = 0910;
				ORGANIZATIONNAME = "Alexandra Neamtu";
				TargetAttributes = {
					FAD7C4B01FDD4A2200A54BE6 = {
						CreatedOnToolsVersion = 9.1;
						ProvisioningStyle = Automatic;
					};
				};
			};
			buildConfigurationList = FAD7C4AC1FDD4A2200A54BE6 /* Build configuration list for PBXProject "Lab7_2" */;
			compatibilityVersion = "Xcode 8.0";
			developmentRegion = en;
			hasScannedForEncodings = 0;
			knownRegions = (
				en,
			);
			mainGroup = FAD7C4A81FDD4A2200A54BE6;
			productRefGroup = FAD7C4B21FDD4A2200A54BE6 /* Products */;
			projectDirPath = "";
			projectRoot = "";
			targets = (
				FAD7C4B01FDD4A2200A54BE6 /* Lab7_2 */,
			);
		};
/* End PBXProject section */

/* Begin PBXSourcesBuildPhase section */
		FAD7C4AD1FDD4A2200A54BE6 /* Sources */ = {
			isa = PBXSourcesBuildPhase;
			buildActionMask = 2147483647;
			files = (
				FAD7C4C11FDD6A2500A54BE6 /* threadsafe_queue.cpp in Sources */,
				FAD7C4B51FDD4A2200A54BE6 /* main.cpp in Sources */,
			);
			runOnlyForDeploymentPostprocessing = 0;
		};
/* End PBXSourcesBuildPhase section */

/* Begin XCBuildConfiguration section */
		FAD7C4B61FDD4A2200A54BE6 /* Debug */ = {
			isa = XCBuildConfiguration;
			buildSettings = {
				ALWAYS_SEARCH_USER_PATHS = NO;
				CLANG_ANALYZER_NONNULL = YES;
				CLANG_ANALYZER_NUMBER_OBJECT_CONVERSION = YES_AGGRESSIVE;
				CLANG_CXX_LANGUAGE_STANDARD = "gnu++14";
				CLANG_CXX_LIBRARY = "libc++";
				CLANG_ENABLE_MODULES = YES;
				CLANG_ENABLE_OBJC_ARC = YES;
				CLANG_WARN_BLOCK_CAPTURE_AUTORELEASING = YES;
				CLANG_WARN_BOOL_CONVERSION = YES;
				CLANG_WARN_COMMA = YES;
				CLANG_WARN_CONSTANT_CONVERSION = YES;
				CLANG_WARN_DIRECT_OBJC_ISA_USAGE = YES_ERROR;
				CLANG_WARN_DOCUMENTATION_COMMENTS = YES;
				CLANG_WARN_EMPTY_BODY = YES;
				CLANG_WARN_ENUM_CONVERSION = YES;
				CLANG_WARN_INFINITE_RECURSION = YES;
				CLANG_WARN_INT_CONVERSION = YES;
				CLANG_WARN_NON_LITERAL_NULL_CONVERSION = YES;
				CLANG_WARN_OBJC_LITERAL_CONVERSION = YES;
				CLANG_WARN_OBJC_ROOT_CLASS = YES_ERROR;
				CLANG_WARN_RANGE_LOOP_ANALYSIS = YES;
				CLANG_WARN_STRICT_PROTOTYPES = YES;
				CLANG_WARN_SUSPICIOUS_MOVE = YES;
				CLANG_WARN_UNGUARDED_AVAILABILITY = YES_AGGRESSIVE;
				CLANG_WARN_UNREACHABLE_CODE = YES;
				CLANG_WARN__DUPLICATE_METHOD_MATCH = YES;
				CODE_SIGN_IDENTITY = "Mac Developer";
				COPY_PHASE_STRIP = NO;
				DEBUG_INFORMATION_FORMAT = dwarf;
				ENABLE_STRICT_OBJC_MSGSEND = YES;
				ENABLE_TESTABILITY = YES;
				GCC_C_LANGUAGE_STANDARD = gnu11;
				GCC_DYNAMIC_NO_PIC = NO;
				GCC_NO_COMMON_BLOCKS = YES;
				GCC_OPTIMIZATION_LEVEL = 0;
				GCC_PREPROCESSOR_DEFINITIONS = (
					"DEBUG=1",
					"$(inherited)",
				);
				GCC_WARN_64_TO_32_BIT_CONVERSION = YES;
				GCC_WARN_ABOUT_RETURN_TYPE = YES_ERROR;
				GCC_WARN_UNDECLARED_SELECTOR = YES;
				GCC_WARN_UNINITIALIZED_AUTOS = YES_AGGRESSIVE;
				GCC_WARN_UNUSED_FUNCTION = YES;
				GCC_WARN_UNUSED_VARIABLE = YES;
				MACOSX_DEPLOYMENT_TARGET = 10.13;
				MTL_ENABLE_DEBUG_INFO = YES;
				ONLY_ACTIVE_ARCH = YES;
				SDKROOT = macosx;
			};
			name = Debug;
		};
		FAD7C4B71FDD4A2200A54BE6 /* Release */ = {
			isa = XCBuildConfiguration;
			buildSettings = {
				ALWAYS_SEARCH_USER_PATHS = NO;
				CLANG_ANALYZER_NONNULL = YES;
				CLANG_ANALYZER_NUMBER_OBJECT_CONVERSION = YES_AGGRESSIVE;
				CLANG_CXX_LANGUAGE_STANDARD = "gnu++14";
				CLANG_CXX_LIBRARY = "libc++";
				CLANG_ENABLE_MODULES = YES;
				CLANG_ENABLE_OBJC_ARC = YES;
				CLANG_WARN_BLOCK_CAPTURE_AUTORELEASING = YES;
				CLANG_WARN_BOOL_CONVERSION = YES;
				CLANG_WARN_COMMA = YES;
				CLANG_WARN_CONSTANT_CONVERSION = YES;
				CLANG_WARN_DIRECT_OBJC_ISA_USAGE = YES_ERROR;
				CLANG_WARN_DOCUMENTATION_COMMENTS = YES;
				CLANG_WARN_EMPTY_BODY = YES;
				CLANG_WARN_ENUM_CONVERSION = YES;
				CLANG_WARN_INFINITE_RECURSION = YES;
				CLANG_WARN_INT_CONVERSION = YES;
				CLANG_WARN_NON_LITERAL_NULL_CONVERSION = YES;
				CLANG_WARN_OBJC_LITERAL_CONVERSION = YES;
				CLANG_WARN_OBJC_ROOT_CLASS = YES_ERROR;
				CLANG_WARN_RANGE_LOOP_ANALYSIS = YES;
				CLANG_WARN_STRICT_PROTOTYPES = YES;
				CLANG_WARN_SUSPICIOUS_MOVE = YES;
				CLANG_WARN_UNGUARDED_AVAILABILITY = YES_AGGRESSIVE;
				CLANG_WARN_UNREACHABLE_CODE = YES;
				CLANG_WARN__DUPLICATE_METHOD_MATCH = YES;
				CODE_SIGN_IDENTITY = "Mac Developer";
				COPY_PHASE_STRIP = NO;
				DEBUG_INFORMATION_FORMAT = "dwarf-with-dsym";
				ENABLE_NS_ASSERTIONS = NO;
				ENABLE_STRICT_OBJC_MSGSEND = YES;
				GCC_C_LANGUAGE_STANDARD = gnu11;
				GCC_NO_COMMON_BLOCKS = YES;
				GCC_WARN_64_TO_32_BIT_CONVERSION = YES;
				GCC_WARN_ABOUT_RETURN_TYPE = YES_ERROR;
				GCC_WARN_UNDECLARED_SELECTOR = YES;
				GCC_WARN_UNINITIALIZED_AUTOS = YES_AGGRESSIVE;
				GCC_WARN_UNUSED_FUNCTION = YES;
				GCC_WARN_UNUSED_VARIABLE = YES;
				MACOSX_DEPLOYMENT_TARGET = 10.13;
				MTL_ENABLE_DEBUG_INFO = NO;
				SDKROOT = macosx;
			};
			name = Release;
		};
		FAD7C4B91FDD4A2200A54BE6 /* Debug */ = {
			isa = XCBuildConfiguration;
			buildSettings = {
				CODE_SIGN_STYLE = Automatic;
				DEVELOPMENT_TEAM = Z75TQYV2AU;
				PRODUCT_NAME = "$(TARGET_NAME)";
			};
			name = Debug;
		};
		FAD7C4BA1FDD4A2200A54BE6 /* Release */ = {
			isa = XCBuildConfiguration;
			buildSettings = {
				CODE_SIGN_STYLE = Automatic;
				DEVELOPMENT_TEAM = Z75TQYV2AU;
				PRODUCT_NAME = "$(TARGET_NAME)";
			};
			name = Release;
		};
/* End XCBuildConfiguration section */

/* Begin XCConfigurationList section */
		FAD7C4AC1FDD4A2200A54BE6 /* Build configuration list for PBXProject "Lab7_2" */ = {
			isa = XCConfigurationList;
			buildConfigurations = (
				FAD7C4B61FDD4A2200A54BE6 /* Debug */,
				FAD7C4B71FDD4A2200A54BE6 /* Release */,
			);
			defaultConfigurationIsVisible = 0;
			defaultConfigurationName = Release;
		};
		FAD7C4B81FDD4A2200A54BE6 /* Build configuration list for PBXNativeTarget "Lab7_2" */ = {
			isa = XCConfigurationList;
			buildConfigurations = (
				FAD7C4B91FDD4A2200A54BE6 /* Debug */,
				FAD7C4BA1FDD4A2200A54BE6 /* Release */,
			);
			defaultConfigurationIsVisible = 0;
			defaultConfigurationName = Release;
		};
/* End XCConfigurationList section */
	};
	rootObject = FAD7C4A91FDD4A2200A54BE6 /* Project object */;
}
